
Microsoft Visual Studio Solution File, Format Version 12.00
# Visual Studio Version 17
VisualStudioVersion = 17.13.35818.85 d17.13
MinimumVisualStudioVersion = 10.0.40219.1
Project("{8BC9CEB8-8B4A-11D0-8D11-00A0C91BC942}") = "Exercise_2", "Exercise_2\Exercise_2.vcxproj", "{BFCA1F30-D79C-4D5B-A5FA-822A74B15734}"
EndProject
Global
	GlobalSection(SolutionConfigurationPlatforms) = preSolution
		Debug|x64 = Debug|x64
		Debug|x86 = Debug|x86
		Release|x64 = Release|x64
		Release|x86 = Release|x86
	EndGlobalSection
	GlobalSection(ProjectConfigurationPlatforms) = postSolution
		{BFCA1F30-D79C-4D5B-A5FA-822A74B15734}.Debug|x64.ActiveCfg = Debug|x64
		{BFCA1F30-D79C-4D5B-A5FA-822A74B15734}.Debug|x64.Build.0 = Debug|x64
		{BFCA1F30-D79C-4D5B-A5FA-822A74B15734}.Debug|x86.ActiveCfg = Debug|Win32
		{BFCA1F30-D79C-4D5B-A5FA-822A74B15734}.Debug|x86.Build.0 = Debug|Win32
		{BFCA1F30-D79C-4D5B-A5FA-822A74B15734}.Release|x64.ActiveCfg = Release|x64
		{BFCA1F30-D79C-4D5B-A5FA-822A74B15734}.Release|x64.Build.0 = Release|x64
		{BFCA1F30-D79C-4D5B-A5FA-822A74B15734}.Release|x86.ActiveCfg = Release|Win32
		{BFCA1F30-D79C-4D5B-A5FA-822A74B15734}.Release|x86.Build.0 = Release|Win32
	EndGlobalSection
	GlobalSection(SolutionProperties) = preSolution
		HideSolutionNode = FALSE
	EndGlobalSection
	GlobalSection(ExtensibilityGlobals) = postSolution
		SolutionGuid = {D5073687-78E1-4B54-A8D5-0585172BCA33}
	EndGlobalSection
EndGlobal
