
Microsoft Visual Studio Solution File, Format Version 12.00
# Visual Studio Version 17
VisualStudioVersion = 17.13.35828.75 d17.13
MinimumVisualStudioVersion = 10.0.40219.1
Project("{8BC9CEB8-8B4A-11D0-8D11-00A0C91BC942}") = "Exercise_1", "Exercise_1\Exercise_1.vcxproj", "{DFB2B693-87E4-4FA7-B676-75672EFE99EF}"
EndProject
Global
	GlobalSection(SolutionConfigurationPlatforms) = preSolution
		Debug|x64 = Debug|x64
		Debug|x86 = Debug|x86
		Release|x64 = Release|x64
		Release|x86 = Release|x86
	EndGlobalSection
	GlobalSection(ProjectConfigurationPlatforms) = postSolution
		{DFB2B693-87E4-4FA7-B676-75672EFE99EF}.Debug|x64.ActiveCfg = Debug|x64
		{DFB2B693-87E4-4FA7-B676-75672EFE99EF}.Debug|x64.Build.0 = Debug|x64
		{DFB2B693-87E4-4FA7-B676-75672EFE99EF}.Debug|x86.ActiveCfg = Debug|Win32
		{DFB2B693-87E4-4FA7-B676-75672EFE99EF}.Debug|x86.Build.0 = Debug|Win32
		{DFB2B693-87E4-4FA7-B676-75672EFE99EF}.Release|x64.ActiveCfg = Release|x64
		{DFB2B693-87E4-4FA7-B676-75672EFE99EF}.Release|x64.Build.0 = Release|x64
		{DFB2B693-87E4-4FA7-B676-75672EFE99EF}.Release|x86.ActiveCfg = Release|Win32
		{DFB2B693-87E4-4FA7-B676-75672EFE99EF}.Release|x86.Build.0 = Release|Win32
	EndGlobalSection
	GlobalSection(SolutionProperties) = preSolution
		HideSolutionNode = FALSE
	EndGlobalSection
	GlobalSection(ExtensibilityGlobals) = postSolution
		SolutionGuid = {C0A35B26-E5A2-4494-9274-F7D4DC7A4C3B}
	EndGlobalSection
EndGlobal
